{
  "schema_version": 1,
  "last_updated": "2026-07-18T20:07:16Z",
  "files": {
    ".github/copilot-instructions.md": {
      "plugin_version": "unknown",
      "template_sha": "2eb0e11172f2",
      "written_at": "2026-07-18T20:07:14Z"
    },
    ".github/instructions/adrs.instructions.md": {
      "plugin_version": "unknown",
      "template_sha": "539bc7acdcf2",
      "written_at": "2026-07-18T20:07:14Z"
    },
    ".github/instructions/envisioning.instructions.md": {
      "plugin_version": "unknown",
      "template_sha": "6c5fd0e6d6c0",
      "written_at": "2026-07-18T20:07:15Z"
    },
    ".github/instructions/specs.instructions.md": {
      "plugin_version": "unknown",
      "template_sha": "f62db6b4ea93",
      "written_at": "2026-07-18T20:07:15Z"
    },
    ".github/instructions/tasks.instructions.md": {
      "plugin_version": "unknown",
      "template_sha": "494e6b01bfb9",
      "written_at": "2026-07-18T20:07:15Z"
    },
    ".github/instructions/migration-specs.instructions.md": {
      "plugin_version": "unknown",
      "template_sha": "8d83e5946cc7",
      "written_at": "2026-07-18T20:07:15Z"
    },
    ".github/instructions/migration-tasks.instructions.md": {
      "plugin_version": "unknown",
      "template_sha": "76536689f3ac",
      "written_at": "2026-07-18T20:07:15Z"
    },
    ".github/instructions/documentation-style.instructions.md": {
      "plugin_version": "unknown",
      "template_sha": "81e65bebb8cc",
      "written_at": "2026-07-18T20:07:15Z"
    },
    ".github/docs/coding-guidelines.md": {
      "plugin_version": "unknown",
      "template_sha": "2224547eeb0d",
      "written_at": "2026-07-18T20:07:15Z"
    },
    ".markdownlint.yaml": {
      "plugin_version": "unknown",
      "template_sha": "415e8304db5b",
      "written_at": "2026-07-18T20:07:15Z"
    },
    "docs/features/TEMPLATE.md": {
      "plugin_version": "unknown",
      "template_sha": "56ba490bc7b0",
      "written_at": "2026-07-18T20:07:15Z"
    },
    "docs/migrations/TEMPLATE.md": {
      "plugin_version": "unknown",
      "template_sha": "49257b99ae51",
      "written_at": "2026-07-18T20:07:15Z"
    },
    "docs/envisioning/TEMPLATE.md": {
      "plugin_version": "unknown",
      "template_sha": "206a2f0c5d80",
      "written_at": "2026-07-18T20:07:16Z"
    },
    "docs/architecture/decisions/ADR-TEMPLATE.md": {
      "plugin_version": "unknown",
      "template_sha": "43bd3f5be66a",
      "written_at": "2026-07-18T20:07:16Z"
    }
  }
}
